
Microsoft Visual Studio Solution File, Format Version 12.00
# Visual Studio 15
VisualStudioVersion = 15.0.28307.705
MinimumVisualStudioVersion = 10.0.40219.1
Project("{FAE04EC0-301F-11D3-BF4B-00C04F79EFBC}") = "WpfApp", "WpfApp\WpfApp.csproj", "{AA02FE5F-57CA-4CB6-BFAC-4655FA5AFBB9}"
EndProject
Project("{930C7802-8A8C-48F9-8165-68863BCCD9DD}") = "Setup", "Setup\Setup.wixproj", "{392CD7FA-19A7-4092-BD4C-ABA6AAE37225}"
EndProject
Project("{930C7802-8A8C-48F9-8165-68863BCCD9DD}") = "Bootstrapper", "Bootstrapper\Bootstrapper.wixproj", "{C1F6B443-9FC9-4C2F-8021-A212E135584C}"
EndProject
Project("{911E67C6-3D85-4FCE-B560-20A9C3E3FF48}") = "NDP471-KB4033342-x86-x64-AllOS-ENU", "..\..\..\Downloads\NDP471-KB4033342-x86-x64-AllOS-ENU.exe", "{2C48CD36-D930-445B-B4AE-2C7BB5E2D786}"
	ProjectSection(DebuggerProjectSystem) = preProject
		PortSupplier = 00000000-0000-0000-0000-000000000000
		Executable = C:\Users\greeshma\Downloads\NDP471-KB4033342-x86-x64-AllOS-ENU.exe
		RemoteMachine = QA-GREESHMA
		StartingDirectory = C:\Users\greeshma\Downloads
		Environment = Default
		LaunchingEngine = 00000000-0000-0000-0000-000000000000
		UseLegacyDebugEngines = No
		LaunchSQLEngine = No
		AttachLaunchAction = No
	EndProjectSection
EndProject
Global
	GlobalSection(SolutionConfigurationPlatforms) = preSolution
		Debug|Any CPU = Debug|Any CPU
		Debug|x86 = Debug|x86
		Release|Any CPU = Release|Any CPU
		Release|x86 = Release|x86
	EndGlobalSection
	GlobalSection(ProjectConfigurationPlatforms) = postSolution
		{AA02FE5F-57CA-4CB6-BFAC-4655FA5AFBB9}.Debug|Any CPU.ActiveCfg = Debug|Any CPU
		{AA02FE5F-57CA-4CB6-BFAC-4655FA5AFBB9}.Debug|Any CPU.Build.0 = Debug|Any CPU
		{AA02FE5F-57CA-4CB6-BFAC-4655FA5AFBB9}.Debug|x86.ActiveCfg = Debug|Any CPU
		{AA02FE5F-57CA-4CB6-BFAC-4655FA5AFBB9}.Debug|x86.Build.0 = Debug|Any CPU
		{AA02FE5F-57CA-4CB6-BFAC-4655FA5AFBB9}.Release|Any CPU.ActiveCfg = Release|Any CPU
		{AA02FE5F-57CA-4CB6-BFAC-4655FA5AFBB9}.Release|Any CPU.Build.0 = Release|Any CPU
		{AA02FE5F-57CA-4CB6-BFAC-4655FA5AFBB9}.Release|x86.ActiveCfg = Release|Any CPU
		{AA02FE5F-57CA-4CB6-BFAC-4655FA5AFBB9}.Release|x86.Build.0 = Release|Any CPU
		{392CD7FA-19A7-4092-BD4C-ABA6AAE37225}.Debug|Any CPU.ActiveCfg = Debug|x86
		{392CD7FA-19A7-4092-BD4C-ABA6AAE37225}.Debug|x86.ActiveCfg = Debug|x86
		{392CD7FA-19A7-4092-BD4C-ABA6AAE37225}.Debug|x86.Build.0 = Debug|x86
		{392CD7FA-19A7-4092-BD4C-ABA6AAE37225}.Release|Any CPU.ActiveCfg = Release|x86
		{392CD7FA-19A7-4092-BD4C-ABA6AAE37225}.Release|x86.ActiveCfg = Release|x86
		{392CD7FA-19A7-4092-BD4C-ABA6AAE37225}.Release|x86.Build.0 = Release|x86
		{C1F6B443-9FC9-4C2F-8021-A212E135584C}.Debug|Any CPU.ActiveCfg = Debug|x86
		{C1F6B443-9FC9-4C2F-8021-A212E135584C}.Debug|x86.ActiveCfg = Debug|x86
		{C1F6B443-9FC9-4C2F-8021-A212E135584C}.Debug|x86.Build.0 = Debug|x86
		{C1F6B443-9FC9-4C2F-8021-A212E135584C}.Release|Any CPU.ActiveCfg = Release|x86
		{C1F6B443-9FC9-4C2F-8021-A212E135584C}.Release|x86.ActiveCfg = Release|x86
		{C1F6B443-9FC9-4C2F-8021-A212E135584C}.Release|x86.Build.0 = Release|x86
		{2C48CD36-D930-445B-B4AE-2C7BB5E2D786}.Debug|Any CPU.ActiveCfg = Release|x86
		{2C48CD36-D930-445B-B4AE-2C7BB5E2D786}.Debug|x86.ActiveCfg = Release|x86
		{2C48CD36-D930-445B-B4AE-2C7BB5E2D786}.Release|Any CPU.ActiveCfg = Release|x86
		{2C48CD36-D930-445B-B4AE-2C7BB5E2D786}.Release|x86.ActiveCfg = Release|x86
	EndGlobalSection
	GlobalSection(SolutionProperties) = preSolution
		HideSolutionNode = FALSE
	EndGlobalSection
	GlobalSection(ExtensibilityGlobals) = postSolution
		SolutionGuid = {3029CE77-21B3-44E1-8564-5F562DC4C554}
	EndGlobalSection
EndGlobal
